
Microsoft Visual Studio Solution File, Format Version 12.00
# Visual Studio Version 16
VisualStudioVersion = 16.0.32228.343
MinimumVisualStudioVersion = 10.0.40219.1
Project("{FAE04EC0-301F-11D3-BF4B-00C04F79EFBC}") = "OS_gyak10", "OS_gyak10\OS_gyak10.csproj", "{FE1AEAE4-CB0A-4E37-AF7E-53C5DC5BD5E0}"
EndProject
Global
	GlobalSection(SolutionConfigurationPlatforms) = preSolution
		Debug|Any CPU = Debug|Any CPU
		Release|Any CPU = Release|Any CPU
	EndGlobalSection
	GlobalSection(ProjectConfigurationPlatforms) = postSolution
		{FE1AEAE4-CB0A-4E37-AF7E-53C5DC5BD5E0}.Debug|Any CPU.ActiveCfg = Debug|Any CPU
		{FE1AEAE4-CB0A-4E37-AF7E-53C5DC5BD5E0}.Debug|Any CPU.Build.0 = Debug|Any CPU
		{FE1AEAE4-CB0A-4E37-AF7E-53C5DC5BD5E0}.Release|Any CPU.ActiveCfg = Release|Any CPU
		{FE1AEAE4-CB0A-4E37-AF7E-53C5DC5BD5E0}.Release|Any CPU.Build.0 = Release|Any CPU
	EndGlobalSection
	GlobalSection(SolutionProperties) = preSolution
		HideSolutionNode = FALSE
	EndGlobalSection
	GlobalSection(ExtensibilityGlobals) = postSolution
		SolutionGuid = {CF734138-F20F-4F51-93B4-282823A9A79B}
	EndGlobalSection
EndGlobal
